
Microsoft Visual Studio Solution File, Format Version 11.00
# Visual Studio 2010
Project("{FAE04EC0-301F-11D3-BF4B-00C04F79EFBC}") = "hiworld", "hiworld\hiworld.csproj", "{B26338E9-198D-4E1D-82AA-AB71A19B5076}"
EndProject
Global
	GlobalSection(SolutionConfigurationPlatforms) = preSolution
		Debug|x86 = Debug|x86
		Release|x86 = Release|x86
	EndGlobalSection
	GlobalSection(ProjectConfigurationPlatforms) = postSolution
		{B26338E9-198D-4E1D-82AA-AB71A19B5076}.Debug|x86.ActiveCfg = Debug|x86
		{B26338E9-198D-4E1D-82AA-AB71A19B5076}.Debug|x86.Build.0 = Debug|x86
		{B26338E9-198D-4E1D-82AA-AB71A19B5076}.Release|x86.ActiveCfg = Release|x86
		{B26338E9-198D-4E1D-82AA-AB71A19B5076}.Release|x86.Build.0 = Release|x86
	EndGlobalSection
	GlobalSection(MonoDevelopProperties) = preSolution
		StartupItem = hiworld\hiworld.csproj
	EndGlobalSection
EndGlobal
